
Microsoft Visual Studio Solution File, Format Version 12.00
# Visual Studio 15
VisualStudioVersion = 15.0.28010.2046
MinimumVisualStudioVersion = 10.0.40219.1
Project("{FAE04EC0-301F-11D3-BF4B-00C04F79EFBC}") = "prAnket", "pranket\prAnket.csproj", "{BADC0898-880C-4993-B45F-C54C54BE88B3}"
EndProject
Project("{54435603-DBB4-11D2-8724-00A0C9A8B90C}") = "prAnketServis", "prAnketServis\prAnketServis.vdproj", "{F33B3DD1-30D7-44CA-8700-C93C4E404780}"
EndProject
Global
	GlobalSection(SolutionConfigurationPlatforms) = preSolution
		Debug|Any CPU = Debug|Any CPU
		Release|Any CPU = Release|Any CPU
	EndGlobalSection
	GlobalSection(ProjectConfigurationPlatforms) = postSolution
		{BADC0898-880C-4993-B45F-C54C54BE88B3}.Debug|Any CPU.ActiveCfg = Debug|Any CPU
		{BADC0898-880C-4993-B45F-C54C54BE88B3}.Debug|Any CPU.Build.0 = Debug|Any CPU
		{BADC0898-880C-4993-B45F-C54C54BE88B3}.Release|Any CPU.ActiveCfg = Release|Any CPU
		{BADC0898-880C-4993-B45F-C54C54BE88B3}.Release|Any CPU.Build.0 = Release|Any CPU
		{F33B3DD1-30D7-44CA-8700-C93C4E404780}.Debug|Any CPU.ActiveCfg = Debug
		{F33B3DD1-30D7-44CA-8700-C93C4E404780}.Release|Any CPU.ActiveCfg = Release
	EndGlobalSection
	GlobalSection(SolutionProperties) = preSolution
		HideSolutionNode = FALSE
	EndGlobalSection
	GlobalSection(ExtensibilityGlobals) = postSolution
		SolutionGuid = {F8DC0428-C31D-4568-8AE9-0F2F3F4AB1B4}
	EndGlobalSection
EndGlobal
